
Microsoft Visual Studio Solution File, Format Version 12.00
# Visual Studio Version 17
VisualStudioVersion = 17.3.32901.215
MinimumVisualStudioVersion = 10.0.40219.1
Project("{FAE04EC0-301F-11D3-BF4B-00C04F79EFBC}") = "SyncConvertMusic", "SyncConvertMusic\SyncConvertMusic.csproj", "{B4AE023E-FB19-41BD-856F-583F134ECDE6}"
EndProject
Global
	GlobalSection(SolutionConfigurationPlatforms) = preSolution
		Debug|Any CPU = Debug|Any CPU
		Release|Any CPU = Release|Any CPU
	EndGlobalSection
	GlobalSection(ProjectConfigurationPlatforms) = postSolution
		{B4AE023E-FB19-41BD-856F-583F134ECDE6}.Debug|Any CPU.ActiveCfg = Debug|Any CPU
		{B4AE023E-FB19-41BD-856F-583F134ECDE6}.Debug|Any CPU.Build.0 = Debug|Any CPU
		{B4AE023E-FB19-41BD-856F-583F134ECDE6}.Release|Any CPU.ActiveCfg = Release|Any CPU
		{B4AE023E-FB19-41BD-856F-583F134ECDE6}.Release|Any CPU.Build.0 = Release|Any CPU
	EndGlobalSection
	GlobalSection(SolutionProperties) = preSolution
		HideSolutionNode = FALSE
	EndGlobalSection
	GlobalSection(ExtensibilityGlobals) = postSolution
		SolutionGuid = {607A0501-B8E8-4F2C-9B42-D9F8F03FE85B}
	EndGlobalSection
EndGlobal
